
Microsoft Visual Studio Solution File, Format Version 12.00
# Visual Studio Version 17
VisualStudioVersion = 17.0.31903.59
MinimumVisualStudioVersion = 10.0.40219.1
Project("{FAE04EC0-301F-11D3-BF4B-00C04F79EFBC}") = "LoginPageBecauseICan", "LoginPageBecauseICan\LoginPageBecauseICan.csproj", "{2AFCFA94-4BD8-498D-95C0-E096EF8B10EB}"
EndProject
Project("{FAE04EC0-301F-11D3-BF4B-00C04F79EFBC}") = "ASCiiDonut", "ASCiiDonut\ASCiiDonut.csproj", "{66FED21C-18B1-468D-9FF4-B29749145C49}"
EndProject
Project("{FAE04EC0-301F-11D3-BF4B-00C04F79EFBC}") = "Params Keyword", "Params Keyword\Params Keyword.csproj", "{E16E93F9-C2AD-4B3E-BBC5-A65115353631}"
EndProject
Project("{FAE04EC0-301F-11D3-BF4B-00C04F79EFBC}") = "Whar", "Whar\Whar.csproj", "{7448EE6C-094A-440D-919C-E5F53A9CE41F}"
EndProject
Project("{FAE04EC0-301F-11D3-BF4B-00C04F79EFBC}") = "Exeptions", "Exeptions\Exeptions.csproj", "{BD7A7874-5A06-41CE-B2A9-0CA57A35F2B2}"
EndProject
Global
	GlobalSection(SolutionConfigurationPlatforms) = preSolution
		Debug|Any CPU = Debug|Any CPU
		Release|Any CPU = Release|Any CPU
	EndGlobalSection
	GlobalSection(SolutionProperties) = preSolution
		HideSolutionNode = FALSE
	EndGlobalSection
	GlobalSection(ProjectConfigurationPlatforms) = postSolution
		{2AFCFA94-4BD8-498D-95C0-E096EF8B10EB}.Debug|Any CPU.ActiveCfg = Debug|Any CPU
		{2AFCFA94-4BD8-498D-95C0-E096EF8B10EB}.Debug|Any CPU.Build.0 = Debug|Any CPU
		{2AFCFA94-4BD8-498D-95C0-E096EF8B10EB}.Release|Any CPU.ActiveCfg = Release|Any CPU
		{2AFCFA94-4BD8-498D-95C0-E096EF8B10EB}.Release|Any CPU.Build.0 = Release|Any CPU
		{66FED21C-18B1-468D-9FF4-B29749145C49}.Debug|Any CPU.ActiveCfg = Debug|Any CPU
		{66FED21C-18B1-468D-9FF4-B29749145C49}.Debug|Any CPU.Build.0 = Debug|Any CPU
		{66FED21C-18B1-468D-9FF4-B29749145C49}.Release|Any CPU.ActiveCfg = Release|Any CPU
		{66FED21C-18B1-468D-9FF4-B29749145C49}.Release|Any CPU.Build.0 = Release|Any CPU
		{E16E93F9-C2AD-4B3E-BBC5-A65115353631}.Debug|Any CPU.ActiveCfg = Debug|Any CPU
		{E16E93F9-C2AD-4B3E-BBC5-A65115353631}.Debug|Any CPU.Build.0 = Debug|Any CPU
		{E16E93F9-C2AD-4B3E-BBC5-A65115353631}.Release|Any CPU.ActiveCfg = Release|Any CPU
		{E16E93F9-C2AD-4B3E-BBC5-A65115353631}.Release|Any CPU.Build.0 = Release|Any CPU
		{7448EE6C-094A-440D-919C-E5F53A9CE41F}.Debug|Any CPU.ActiveCfg = Debug|Any CPU
		{7448EE6C-094A-440D-919C-E5F53A9CE41F}.Debug|Any CPU.Build.0 = Debug|Any CPU
		{7448EE6C-094A-440D-919C-E5F53A9CE41F}.Release|Any CPU.ActiveCfg = Release|Any CPU
		{7448EE6C-094A-440D-919C-E5F53A9CE41F}.Release|Any CPU.Build.0 = Release|Any CPU
		{BD7A7874-5A06-41CE-B2A9-0CA57A35F2B2}.Debug|Any CPU.ActiveCfg = Debug|Any CPU
		{BD7A7874-5A06-41CE-B2A9-0CA57A35F2B2}.Debug|Any CPU.Build.0 = Debug|Any CPU
		{BD7A7874-5A06-41CE-B2A9-0CA57A35F2B2}.Release|Any CPU.ActiveCfg = Release|Any CPU
		{BD7A7874-5A06-41CE-B2A9-0CA57A35F2B2}.Release|Any CPU.Build.0 = Release|Any CPU
	EndGlobalSection
EndGlobal
