
Microsoft Visual Studio Solution File, Format Version 12.00
# Visual Studio Version 17
VisualStudioVersion = 17.0.31903.59
MinimumVisualStudioVersion = 10.0.40219.1
Project("{FAE04EC0-301F-11D3-BF4B-00C04F79EFBC}") = "Calculator", "Calculator\Calculator.csproj", "{035A018C-1FD9-4787-9FE2-80E3DBCD0E31}"
EndProject
Project("{FAE04EC0-301F-11D3-BF4B-00C04F79EFBC}") = "arrays", "arrays\arrays.csproj", "{9225F4D2-D75B-4F7D-8B5D-EFEB9CE475D3}"
EndProject
Project("{FAE04EC0-301F-11D3-BF4B-00C04F79EFBC}") = "for each loops", "for each loops\for each loops.csproj", "{7F94C238-C83B-45F8-90FE-A421FF65B040}"
EndProject
Project("{FAE04EC0-301F-11D3-BF4B-00C04F79EFBC}") = "THE METHODS", "THE METHODS\THE METHODS.csproj", "{A23AEC65-A2C8-4ADE-A7D9-6BBC4931B970}"
EndProject
Project("{FAE04EC0-301F-11D3-BF4B-00C04F79EFBC}") = "dacalc", "dacalc\dacalc.csproj", "{D6438A0A-D259-4DA6-AE5B-5877C400901D}"
EndProject
Project("{FAE04EC0-301F-11D3-BF4B-00C04F79EFBC}") = "DECLARE", "DECLARE\DECLARE.csproj", "{57579E41-72C5-498D-A5D6-6C8338E1064D}"
EndProject
Project("{FAE04EC0-301F-11D3-BF4B-00C04F79EFBC}") = "BRUUUB", "BRUUUB\BRUUUB.csproj", "{E0C51887-135F-4C3F-8656-83A25EC053D6}"
EndProject
Project("{FAE04EC0-301F-11D3-BF4B-00C04F79EFBC}") = "Ret Keywords", "Ret Keywords\Ret Keywords.csproj", "{D243539F-8E03-4D8A-A117-1D37568D6635}"
EndProject
Project("{FAE04EC0-301F-11D3-BF4B-00C04F79EFBC}") = "Quickpractice clac", "Quickpractice clac\Quickpractice clac.csproj", "{6E8A7798-1B1B-48A1-B2DE-5A90A0F56F58}"
EndProject
Project("{FAE04EC0-301F-11D3-BF4B-00C04F79EFBC}") = "Method overloading", "Method overloading\Method overloading.csproj", "{61EA88E4-3200-4EDD-AAFE-D80D1CEF7402}"
EndProject
Global
	GlobalSection(SolutionConfigurationPlatforms) = preSolution
		Debug|Any CPU = Debug|Any CPU
		Release|Any CPU = Release|Any CPU
	EndGlobalSection
	GlobalSection(SolutionProperties) = preSolution
		HideSolutionNode = FALSE
	EndGlobalSection
	GlobalSection(ProjectConfigurationPlatforms) = postSolution
		{035A018C-1FD9-4787-9FE2-80E3DBCD0E31}.Debug|Any CPU.ActiveCfg = Debug|Any CPU
		{035A018C-1FD9-4787-9FE2-80E3DBCD0E31}.Debug|Any CPU.Build.0 = Debug|Any CPU
		{035A018C-1FD9-4787-9FE2-80E3DBCD0E31}.Release|Any CPU.ActiveCfg = Release|Any CPU
		{035A018C-1FD9-4787-9FE2-80E3DBCD0E31}.Release|Any CPU.Build.0 = Release|Any CPU
		{9225F4D2-D75B-4F7D-8B5D-EFEB9CE475D3}.Debug|Any CPU.ActiveCfg = Debug|Any CPU
		{9225F4D2-D75B-4F7D-8B5D-EFEB9CE475D3}.Debug|Any CPU.Build.0 = Debug|Any CPU
		{9225F4D2-D75B-4F7D-8B5D-EFEB9CE475D3}.Release|Any CPU.ActiveCfg = Release|Any CPU
		{9225F4D2-D75B-4F7D-8B5D-EFEB9CE475D3}.Release|Any CPU.Build.0 = Release|Any CPU
		{7F94C238-C83B-45F8-90FE-A421FF65B040}.Debug|Any CPU.ActiveCfg = Debug|Any CPU
		{7F94C238-C83B-45F8-90FE-A421FF65B040}.Debug|Any CPU.Build.0 = Debug|Any CPU
		{7F94C238-C83B-45F8-90FE-A421FF65B040}.Release|Any CPU.ActiveCfg = Release|Any CPU
		{7F94C238-C83B-45F8-90FE-A421FF65B040}.Release|Any CPU.Build.0 = Release|Any CPU
		{A23AEC65-A2C8-4ADE-A7D9-6BBC4931B970}.Debug|Any CPU.ActiveCfg = Debug|Any CPU
		{A23AEC65-A2C8-4ADE-A7D9-6BBC4931B970}.Debug|Any CPU.Build.0 = Debug|Any CPU
		{A23AEC65-A2C8-4ADE-A7D9-6BBC4931B970}.Release|Any CPU.ActiveCfg = Release|Any CPU
		{A23AEC65-A2C8-4ADE-A7D9-6BBC4931B970}.Release|Any CPU.Build.0 = Release|Any CPU
		{D6438A0A-D259-4DA6-AE5B-5877C400901D}.Debug|Any CPU.ActiveCfg = Debug|Any CPU
		{D6438A0A-D259-4DA6-AE5B-5877C400901D}.Debug|Any CPU.Build.0 = Debug|Any CPU
		{D6438A0A-D259-4DA6-AE5B-5877C400901D}.Release|Any CPU.ActiveCfg = Release|Any CPU
		{D6438A0A-D259-4DA6-AE5B-5877C400901D}.Release|Any CPU.Build.0 = Release|Any CPU
		{57579E41-72C5-498D-A5D6-6C8338E1064D}.Debug|Any CPU.ActiveCfg = Debug|Any CPU
		{57579E41-72C5-498D-A5D6-6C8338E1064D}.Debug|Any CPU.Build.0 = Debug|Any CPU
		{57579E41-72C5-498D-A5D6-6C8338E1064D}.Release|Any CPU.ActiveCfg = Release|Any CPU
		{57579E41-72C5-498D-A5D6-6C8338E1064D}.Release|Any CPU.Build.0 = Release|Any CPU
		{E0C51887-135F-4C3F-8656-83A25EC053D6}.Debug|Any CPU.ActiveCfg = Debug|Any CPU
		{E0C51887-135F-4C3F-8656-83A25EC053D6}.Debug|Any CPU.Build.0 = Debug|Any CPU
		{E0C51887-135F-4C3F-8656-83A25EC053D6}.Release|Any CPU.ActiveCfg = Release|Any CPU
		{E0C51887-135F-4C3F-8656-83A25EC053D6}.Release|Any CPU.Build.0 = Release|Any CPU
		{D243539F-8E03-4D8A-A117-1D37568D6635}.Debug|Any CPU.ActiveCfg = Debug|Any CPU
		{D243539F-8E03-4D8A-A117-1D37568D6635}.Debug|Any CPU.Build.0 = Debug|Any CPU
		{D243539F-8E03-4D8A-A117-1D37568D6635}.Release|Any CPU.ActiveCfg = Release|Any CPU
		{D243539F-8E03-4D8A-A117-1D37568D6635}.Release|Any CPU.Build.0 = Release|Any CPU
		{6E8A7798-1B1B-48A1-B2DE-5A90A0F56F58}.Debug|Any CPU.ActiveCfg = Debug|Any CPU
		{6E8A7798-1B1B-48A1-B2DE-5A90A0F56F58}.Debug|Any CPU.Build.0 = Debug|Any CPU
		{6E8A7798-1B1B-48A1-B2DE-5A90A0F56F58}.Release|Any CPU.ActiveCfg = Release|Any CPU
		{6E8A7798-1B1B-48A1-B2DE-5A90A0F56F58}.Release|Any CPU.Build.0 = Release|Any CPU
		{61EA88E4-3200-4EDD-AAFE-D80D1CEF7402}.Debug|Any CPU.ActiveCfg = Debug|Any CPU
		{61EA88E4-3200-4EDD-AAFE-D80D1CEF7402}.Debug|Any CPU.Build.0 = Debug|Any CPU
		{61EA88E4-3200-4EDD-AAFE-D80D1CEF7402}.Release|Any CPU.ActiveCfg = Release|Any CPU
		{61EA88E4-3200-4EDD-AAFE-D80D1CEF7402}.Release|Any CPU.Build.0 = Release|Any CPU
	EndGlobalSection
EndGlobal
